
Microsoft Visual Studio Solution File, Format Version 12.00
Project("{2150E333-8FDC-42A3-9474-1A3956D46DE8}") = "src", "src", "{91860FE0-1F70-46DE-A8A3-235D79F3A79A}"
EndProject
Project("{2150E333-8FDC-42A3-9474-1A3956D46DE8}") = "Building Blocks", "Building Blocks", "{C5E325B2-9674-4DFD-A6F0-A46C1A5CC6A1}"
EndProject
Project("{2150E333-8FDC-42A3-9474-1A3956D46DE8}") = "Services", "Services", "{E42A2791-7D6C-4CC6-83FC-6F3E335F8AEB}"
EndProject
Project("{2150E333-8FDC-42A3-9474-1A3956D46DE8}") = "Web", "Web", "{FAE6B46E-D014-4579-B61C-0524C887A435}"
EndProject
Project("{2150E333-8FDC-42A3-9474-1A3956D46DE8}") = "Identity", "Identity", "{89E55CD3-A4A8-4235-908D-F022F36D28C9}"
EndProject
Project("{FAE04EC0-301F-11D3-BF4B-00C04F79EFBC}") = "NSE.Identity.API", "src\services\NSE.Identity.API\NSE.Identity.API.csproj", "{658F46F4-47A0-483C-9C54-5887E3328817}"
EndProject
Project("{2150E333-8FDC-42A3-9474-1A3956D46DE8}") = "MVC", "MVC", "{6725581D-5BF4-49FC-9D1D-FF3F691731FA}"
EndProject
Project("{FAE04EC0-301F-11D3-BF4B-00C04F79EFBC}") = "NSE.WebApp.MVC", "src\web\NSE.WebApp.MVC\NSE.WebApp.MVC.csproj", "{C971E172-3A45-482E-A7B6-5865CC7D0386}"
EndProject
Project("{2150E333-8FDC-42A3-9474-1A3956D46DE8}") = "Core", "Core", "{B10748C7-F40E-495C-8D20-C4CD6F06688A}"
EndProject
Project("{FAE04EC0-301F-11D3-BF4B-00C04F79EFBC}") = "NSE.Core", "src\building blocks\NSE.Core\NSE.Core.csproj", "{6CE485F6-5EB9-46B9-98F8-48E3C5A18B2D}"
EndProject
Project("{2150E333-8FDC-42A3-9474-1A3956D46DE8}") = "Customers", "Customers", "{CEA4DD92-492F-4AF5-A21C-C3317E23BA72}"
EndProject
Project("{2150E333-8FDC-42A3-9474-1A3956D46DE8}") = "Payment", "Payment", "{48688A38-7129-40D2-A6D0-B2F45DDD0570}"
EndProject
Project("{2150E333-8FDC-42A3-9474-1A3956D46DE8}") = "Order", "Order", "{B047F768-0185-413D-B772-A0B814698E73}"
EndProject
Project("{2150E333-8FDC-42A3-9474-1A3956D46DE8}") = "Catalog", "Catalog", "{AEAFF2A4-7BF2-46DC-B4BB-5FC23FA0156E}"
EndProject
Project("{2150E333-8FDC-42A3-9474-1A3956D46DE8}") = "ShoppingCart", "ShoppingCart", "{5773B27A-5DAD-4CFE-8504-07E6E20A88D6}"
EndProject
Project("{FAE04EC0-301F-11D3-BF4B-00C04F79EFBC}") = "NSE.Catalog.API", "src\services\NSE.Catalog.API\NSE.Catalog.API.csproj", "{C980E57B-8F0A-4194-A69F-93746216C4D0}"
EndProject
Project("{FAE04EC0-301F-11D3-BF4B-00C04F79EFBC}") = "NSE.Customers.API", "src\services\NSE.Customers.API\NSE.Customers.API.csproj", "{91CCD778-E570-4361-A1E4-A4EE0C5852EA}"
EndProject
Project("{FAE04EC0-301F-11D3-BF4B-00C04F79EFBC}") = "NSE.Order.API", "src\services\NSE.Order.API\NSE.Order.API.csproj", "{7C4FC7EC-A0BC-4676-A499-9531AA690128}"
EndProject
Project("{FAE04EC0-301F-11D3-BF4B-00C04F79EFBC}") = "NSE.ShoppingCart.API", "src\services\NSE.ShoppingCart.API\NSE.ShoppingCart.API.csproj", "{1E190B65-D931-44B8-9629-D5237176EB28}"
EndProject
Project("{FAE04EC0-301F-11D3-BF4B-00C04F79EFBC}") = "NSE.Payment.API", "src\services\NSE.Payment.API\NSE.Payment.API.csproj", "{5C35735A-D52E-46E7-9638-9DE1A115D10E}"
EndProject
Project("{2150E333-8FDC-42A3-9474-1A3956D46DE8}") = "Services", "Services", "{A10B37D1-42ED-4EF4-BCE2-F55E72BCE244}"
EndProject
Project("{FAE04EC0-301F-11D3-BF4B-00C04F79EFBC}") = "NSE.WebAPI.Core", "src\building blocks\NSE.WebAPI.Core\NSE.WebAPI.Core.csproj", "{FF8F46D7-CCD1-48F4-9213-93D561731878}"
EndProject
Project("{2150E333-8FDC-42A3-9474-1A3956D46DE8}") = "MessageBus", "MessageBus", "{9CDE4974-6371-4A16-AEF7-5592DCC9B354}"
EndProject
Project("{FAE04EC0-301F-11D3-BF4B-00C04F79EFBC}") = "NSE.MessageBus", "src\building blocks\NSE.MessageBus\NSE.MessageBus.csproj", "{A31E2EF4-7CEF-448A-9363-B067FF5A158A}"
EndProject
Global
	GlobalSection(SolutionConfigurationPlatforms) = preSolution
		Debug|Any CPU = Debug|Any CPU
		Release|Any CPU = Release|Any CPU
	EndGlobalSection
	GlobalSection(NestedProjects) = preSolution
		{C5E325B2-9674-4DFD-A6F0-A46C1A5CC6A1} = {91860FE0-1F70-46DE-A8A3-235D79F3A79A}
		{E42A2791-7D6C-4CC6-83FC-6F3E335F8AEB} = {91860FE0-1F70-46DE-A8A3-235D79F3A79A}
		{FAE6B46E-D014-4579-B61C-0524C887A435} = {91860FE0-1F70-46DE-A8A3-235D79F3A79A}
		{89E55CD3-A4A8-4235-908D-F022F36D28C9} = {E42A2791-7D6C-4CC6-83FC-6F3E335F8AEB}
		{658F46F4-47A0-483C-9C54-5887E3328817} = {89E55CD3-A4A8-4235-908D-F022F36D28C9}
		{6725581D-5BF4-49FC-9D1D-FF3F691731FA} = {FAE6B46E-D014-4579-B61C-0524C887A435}
		{C971E172-3A45-482E-A7B6-5865CC7D0386} = {6725581D-5BF4-49FC-9D1D-FF3F691731FA}
		{B10748C7-F40E-495C-8D20-C4CD6F06688A} = {C5E325B2-9674-4DFD-A6F0-A46C1A5CC6A1}
		{6CE485F6-5EB9-46B9-98F8-48E3C5A18B2D} = {B10748C7-F40E-495C-8D20-C4CD6F06688A}
		{CEA4DD92-492F-4AF5-A21C-C3317E23BA72} = {E42A2791-7D6C-4CC6-83FC-6F3E335F8AEB}
		{48688A38-7129-40D2-A6D0-B2F45DDD0570} = {E42A2791-7D6C-4CC6-83FC-6F3E335F8AEB}
		{B047F768-0185-413D-B772-A0B814698E73} = {E42A2791-7D6C-4CC6-83FC-6F3E335F8AEB}
		{AEAFF2A4-7BF2-46DC-B4BB-5FC23FA0156E} = {E42A2791-7D6C-4CC6-83FC-6F3E335F8AEB}
		{5773B27A-5DAD-4CFE-8504-07E6E20A88D6} = {E42A2791-7D6C-4CC6-83FC-6F3E335F8AEB}
		{C980E57B-8F0A-4194-A69F-93746216C4D0} = {AEAFF2A4-7BF2-46DC-B4BB-5FC23FA0156E}
		{91CCD778-E570-4361-A1E4-A4EE0C5852EA} = {CEA4DD92-492F-4AF5-A21C-C3317E23BA72}
		{7C4FC7EC-A0BC-4676-A499-9531AA690128} = {B047F768-0185-413D-B772-A0B814698E73}
		{1E190B65-D931-44B8-9629-D5237176EB28} = {5773B27A-5DAD-4CFE-8504-07E6E20A88D6}
		{5C35735A-D52E-46E7-9638-9DE1A115D10E} = {48688A38-7129-40D2-A6D0-B2F45DDD0570}
		{A10B37D1-42ED-4EF4-BCE2-F55E72BCE244} = {C5E325B2-9674-4DFD-A6F0-A46C1A5CC6A1}
		{FF8F46D7-CCD1-48F4-9213-93D561731878} = {A10B37D1-42ED-4EF4-BCE2-F55E72BCE244}
		{9CDE4974-6371-4A16-AEF7-5592DCC9B354} = {C5E325B2-9674-4DFD-A6F0-A46C1A5CC6A1}
		{A31E2EF4-7CEF-448A-9363-B067FF5A158A} = {9CDE4974-6371-4A16-AEF7-5592DCC9B354}
	EndGlobalSection
	GlobalSection(ProjectConfigurationPlatforms) = postSolution
		{658F46F4-47A0-483C-9C54-5887E3328817}.Debug|Any CPU.ActiveCfg = Debug|Any CPU
		{658F46F4-47A0-483C-9C54-5887E3328817}.Debug|Any CPU.Build.0 = Debug|Any CPU
		{658F46F4-47A0-483C-9C54-5887E3328817}.Release|Any CPU.ActiveCfg = Release|Any CPU
		{658F46F4-47A0-483C-9C54-5887E3328817}.Release|Any CPU.Build.0 = Release|Any CPU
		{C971E172-3A45-482E-A7B6-5865CC7D0386}.Debug|Any CPU.ActiveCfg = Debug|Any CPU
		{C971E172-3A45-482E-A7B6-5865CC7D0386}.Debug|Any CPU.Build.0 = Debug|Any CPU
		{C971E172-3A45-482E-A7B6-5865CC7D0386}.Release|Any CPU.ActiveCfg = Release|Any CPU
		{C971E172-3A45-482E-A7B6-5865CC7D0386}.Release|Any CPU.Build.0 = Release|Any CPU
		{6CE485F6-5EB9-46B9-98F8-48E3C5A18B2D}.Debug|Any CPU.ActiveCfg = Debug|Any CPU
		{6CE485F6-5EB9-46B9-98F8-48E3C5A18B2D}.Debug|Any CPU.Build.0 = Debug|Any CPU
		{6CE485F6-5EB9-46B9-98F8-48E3C5A18B2D}.Release|Any CPU.ActiveCfg = Release|Any CPU
		{6CE485F6-5EB9-46B9-98F8-48E3C5A18B2D}.Release|Any CPU.Build.0 = Release|Any CPU
		{C980E57B-8F0A-4194-A69F-93746216C4D0}.Debug|Any CPU.ActiveCfg = Debug|Any CPU
		{C980E57B-8F0A-4194-A69F-93746216C4D0}.Debug|Any CPU.Build.0 = Debug|Any CPU
		{C980E57B-8F0A-4194-A69F-93746216C4D0}.Release|Any CPU.ActiveCfg = Release|Any CPU
		{C980E57B-8F0A-4194-A69F-93746216C4D0}.Release|Any CPU.Build.0 = Release|Any CPU
		{91CCD778-E570-4361-A1E4-A4EE0C5852EA}.Debug|Any CPU.ActiveCfg = Debug|Any CPU
		{91CCD778-E570-4361-A1E4-A4EE0C5852EA}.Debug|Any CPU.Build.0 = Debug|Any CPU
		{91CCD778-E570-4361-A1E4-A4EE0C5852EA}.Release|Any CPU.ActiveCfg = Release|Any CPU
		{91CCD778-E570-4361-A1E4-A4EE0C5852EA}.Release|Any CPU.Build.0 = Release|Any CPU
		{7C4FC7EC-A0BC-4676-A499-9531AA690128}.Debug|Any CPU.ActiveCfg = Debug|Any CPU
		{7C4FC7EC-A0BC-4676-A499-9531AA690128}.Debug|Any CPU.Build.0 = Debug|Any CPU
		{7C4FC7EC-A0BC-4676-A499-9531AA690128}.Release|Any CPU.ActiveCfg = Release|Any CPU
		{7C4FC7EC-A0BC-4676-A499-9531AA690128}.Release|Any CPU.Build.0 = Release|Any CPU
		{1E190B65-D931-44B8-9629-D5237176EB28}.Debug|Any CPU.ActiveCfg = Debug|Any CPU
		{1E190B65-D931-44B8-9629-D5237176EB28}.Debug|Any CPU.Build.0 = Debug|Any CPU
		{1E190B65-D931-44B8-9629-D5237176EB28}.Release|Any CPU.ActiveCfg = Release|Any CPU
		{1E190B65-D931-44B8-9629-D5237176EB28}.Release|Any CPU.Build.0 = Release|Any CPU
		{5C35735A-D52E-46E7-9638-9DE1A115D10E}.Debug|Any CPU.ActiveCfg = Debug|Any CPU
		{5C35735A-D52E-46E7-9638-9DE1A115D10E}.Debug|Any CPU.Build.0 = Debug|Any CPU
		{5C35735A-D52E-46E7-9638-9DE1A115D10E}.Release|Any CPU.ActiveCfg = Release|Any CPU
		{5C35735A-D52E-46E7-9638-9DE1A115D10E}.Release|Any CPU.Build.0 = Release|Any CPU
		{FF8F46D7-CCD1-48F4-9213-93D561731878}.Debug|Any CPU.ActiveCfg = Debug|Any CPU
		{FF8F46D7-CCD1-48F4-9213-93D561731878}.Debug|Any CPU.Build.0 = Debug|Any CPU
		{FF8F46D7-CCD1-48F4-9213-93D561731878}.Release|Any CPU.ActiveCfg = Release|Any CPU
		{FF8F46D7-CCD1-48F4-9213-93D561731878}.Release|Any CPU.Build.0 = Release|Any CPU
		{A31E2EF4-7CEF-448A-9363-B067FF5A158A}.Debug|Any CPU.ActiveCfg = Debug|Any CPU
		{A31E2EF4-7CEF-448A-9363-B067FF5A158A}.Debug|Any CPU.Build.0 = Debug|Any CPU
		{A31E2EF4-7CEF-448A-9363-B067FF5A158A}.Release|Any CPU.ActiveCfg = Release|Any CPU
		{A31E2EF4-7CEF-448A-9363-B067FF5A158A}.Release|Any CPU.Build.0 = Release|Any CPU
	EndGlobalSection
EndGlobal
